
Microsoft Visual Studio Solution File, Format Version 12.00
# Visual Studio Version 17
VisualStudioVersion = 17.4.33205.214
MinimumVisualStudioVersion = 10.0.40219.1
Project("{FAE04EC0-301F-11D3-BF4B-00C04F79EFBC}") = "DiscordGUILib", "DiscordGUILib.csproj", "{C804ACC3-7AA0-4EF8-A152-C87FC5CF41E9}"
EndProject
Global
	GlobalSection(SolutionConfigurationPlatforms) = preSolution
		Debug|Any CPU = Debug|Any CPU
		Release|Any CPU = Release|Any CPU
	EndGlobalSection
	GlobalSection(ProjectConfigurationPlatforms) = postSolution
		{C804ACC3-7AA0-4EF8-A152-C87FC5CF41E9}.Debug|Any CPU.ActiveCfg = Debug|Any CPU
		{C804ACC3-7AA0-4EF8-A152-C87FC5CF41E9}.Debug|Any CPU.Build.0 = Debug|Any CPU
		{C804ACC3-7AA0-4EF8-A152-C87FC5CF41E9}.Release|Any CPU.ActiveCfg = Release|Any CPU
		{C804ACC3-7AA0-4EF8-A152-C87FC5CF41E9}.Release|Any CPU.Build.0 = Release|Any CPU
	EndGlobalSection
	GlobalSection(SolutionProperties) = preSolution
		HideSolutionNode = FALSE
	EndGlobalSection
	GlobalSection(ExtensibilityGlobals) = postSolution
		SolutionGuid = {490BA3DA-8FA6-4873-8AF5-7DF5DF4751CF}
	EndGlobalSection
EndGlobal
